// !$*UTF8*$!
{
	archiveVersion = 1;
	classes = {
	};
	objectVersion = 55;
	objects = {

/* Begin PBXBuildFile section */
		041337F92899950A00E68E3B /* Shared.swift in Sources */ = {isa = PBXBuildFile; fileRef = 041337F82899950A00E68E3B /* Shared.swift */; };
		04365460289D3C30000042E4 /* PaySubCell.swift in Sources */ = {isa = PBXBuildFile; fileRef = 0436545F289D3C30000042E4 /* PaySubCell.swift */; };
		0467171A28993DDE002E92D6 /* MerchantsVC.swift in Sources */ = {isa = PBXBuildFile; fileRef = 0467171928993DDE002E92D6 /* MerchantsVC.swift */; };
		0467171C28994596002E92D6 /* MerchantCell.swift in Sources */ = {isa = PBXBuildFile; fileRef = 0467171B28994596002E92D6 /* MerchantCell.swift */; };
		0467171E289972E9002E92D6 /* TabBarViewController.swift in Sources */ = {isa = PBXBuildFile; fileRef = 0467171D289972E9002E92D6 /* TabBarViewController.swift */; };
		0467172128997346002E92D6 /* PayVC.swift in Sources */ = {isa = PBXBuildFile; fileRef = 0467172028997346002E92D6 /* PayVC.swift */; };
		04671724289973A1002E92D6 /* TransfersVC.swift in Sources */ = {isa = PBXBuildFile; fileRef = 04671723289973A1002E92D6 /* TransfersVC.swift */; };
		0476581B289A8A5300FF9828 /* PayCell.swift in Sources */ = {isa = PBXBuildFile; fileRef = 0476581A289A8A5300FF9828 /* PayCell.swift */; };
		0476581D289A997500FF9828 /* NewPayCell.swift in Sources */ = {isa = PBXBuildFile; fileRef = 0476581C289A997500FF9828 /* NewPayCell.swift */; };
		0476581F289AA85600FF9828 /* TransferItemCell.swift in Sources */ = {isa = PBXBuildFile; fileRef = 0476581E289AA85600FF9828 /* TransferItemCell.swift */; };
		04765822289AACA900FF9828 /* MyMoneyVC.swift in Sources */ = {isa = PBXBuildFile; fileRef = 04765821289AACA900FF9828 /* MyMoneyVC.swift */; };
		04765825289AC45D00FF9828 /* NavigationBar.swift in Sources */ = {isa = PBXBuildFile; fileRef = 04765824289AC45D00FF9828 /* NavigationBar.swift */; };
		0478C9C2289854D200048816 /* AppDelegate.swift in Sources */ = {isa = PBXBuildFile; fileRef = 0478C9C1289854D200048816 /* AppDelegate.swift */; };
		0478C9C4289854D200048816 /* SceneDelegate.swift in Sources */ = {isa = PBXBuildFile; fileRef = 0478C9C3289854D200048816 /* SceneDelegate.swift */; };
		0478C9C6289854D200048816 /* ViewController.swift in Sources */ = {isa = PBXBuildFile; fileRef = 0478C9C5289854D200048816 /* ViewController.swift */; };
		0478C9C9289854D200048816 /* Main.storyboard in Resources */ = {isa = PBXBuildFile; fileRef = 0478C9C7289854D200048816 /* Main.storyboard */; };
		0478C9CB289854D500048816 /* Assets.xcassets in Resources */ = {isa = PBXBuildFile; fileRef = 0478C9CA289854D500048816 /* Assets.xcassets */; };
		0478C9CE289854D500048816 /* LaunchScreen.storyboard in Resources */ = {isa = PBXBuildFile; fileRef = 0478C9CC289854D500048816 /* LaunchScreen.storyboard */; };
		0478C9D7289855E100048816 /* HomeVC.swift in Sources */ = {isa = PBXBuildFile; fileRef = 0478C9D6289855E100048816 /* HomeVC.swift */; };
		0478C9DA2898563800048816 /* FeaturedCell.swift in Sources */ = {isa = PBXBuildFile; fileRef = 0478C9D92898563800048816 /* FeaturedCell.swift */; };
		0478C9DC2898568500048816 /* FavouritesCell.swift in Sources */ = {isa = PBXBuildFile; fileRef = 0478C9DB2898568500048816 /* FavouritesCell.swift */; };
		0478C9DE28986F5B00048816 /* HeaderCell.swift in Sources */ = {isa = PBXBuildFile; fileRef = 0478C9DD28986F5B00048816 /* HeaderCell.swift */; };
		0478C9E0289873AD00048816 /* FeaturedSectionBackgroundDecorationView.swift in Sources */ = {isa = PBXBuildFile; fileRef = 0478C9DF289873AD00048816 /* FeaturedSectionBackgroundDecorationView.swift */; };
		9888D91A21EC140A79AEC70E /* Pods_expressPay_Clone.framework in Frameworks */ = {isa = PBXBuildFile; fileRef = 7A2AC178E46B3EA08ED5BFB2 /* Pods_expressPay_Clone.framework */; };
/* End PBXBuildFile section */

/* Begin PBXFileReference section */
		041337F82899950A00E68E3B /* Shared.swift */ = {isa = PBXFileReference; lastKnownFileType = sourcecode.swift; path = Shared.swift; sourceTree = "<group>"; };
		0436545F289D3C30000042E4 /* PaySubCell.swift */ = {isa = PBXFileReference; lastKnownFileType = sourcecode.swift; path = PaySubCell.swift; sourceTree = "<group>"; };
		0467171928993DDE002E92D6 /* MerchantsVC.swift */ = {isa = PBXFileReference; lastKnownFileType = sourcecode.swift; path = MerchantsVC.swift; sourceTree = "<group>"; };
		0467171B28994596002E92D6 /* MerchantCell.swift */ = {isa = PBXFileReference; lastKnownFileType = sourcecode.swift; path = MerchantCell.swift; sourceTree = "<group>"; };
		0467171D289972E9002E92D6 /* TabBarViewController.swift */ = {isa = PBXFileReference; lastKnownFileType = sourcecode.swift; path = TabBarViewController.swift; sourceTree = "<group>"; };
		0467172028997346002E92D6 /* PayVC.swift */ = {isa = PBXFileReference; lastKnownFileType = sourcecode.swift; path = PayVC.swift; sourceTree = "<group>"; };
		04671723289973A1002E92D6 /* TransfersVC.swift */ = {isa = PBXFileReference; lastKnownFileType = sourcecode.swift; path = TransfersVC.swift; sourceTree = "<group>"; };
		0476581A289A8A5300FF9828 /* PayCell.swift */ = {isa = PBXFileReference; lastKnownFileType = sourcecode.swift; path = PayCell.swift; sourceTree = "<group>"; };
		0476581C289A997500FF9828 /* NewPayCell.swift */ = {isa = PBXFileReference; lastKnownFileType = sourcecode.swift; path = NewPayCell.swift; sourceTree = "<group>"; };
		0476581E289AA85600FF9828 /* TransferItemCell.swift */ = {isa = PBXFileReference; lastKnownFileType = sourcecode.swift; path = TransferItemCell.swift; sourceTree = "<group>"; };
		04765821289AACA900FF9828 /* MyMoneyVC.swift */ = {isa = PBXFileReference; lastKnownFileType = sourcecode.swift; path = MyMoneyVC.swift; sourceTree = "<group>"; };
		04765824289AC45D00FF9828 /* NavigationBar.swift */ = {isa = PBXFileReference; lastKnownFileType = sourcecode.swift; path = NavigationBar.swift; sourceTree = "<group>"; };
		0478C9BE289854D200048816 /* expressPay Clone.app */ = {isa = PBXFileReference; explicitFileType = wrapper.application; includeInIndex = 0; path = "expressPay Clone.app"; sourceTree = BUILT_PRODUCTS_DIR; };
		0478C9C1289854D200048816 /* AppDelegate.swift */ = {isa = PBXFileReference; lastKnownFileType = sourcecode.swift; path = AppDelegate.swift; sourceTree = "<group>"; };
		0478C9C3289854D200048816 /* SceneDelegate.swift */ = {isa = PBXFileReference; lastKnownFileType = sourcecode.swift; path = SceneDelegate.swift; sourceTree = "<group>"; };
		0478C9C5289854D200048816 /* ViewController.swift */ = {isa = PBXFileReference; lastKnownFileType = sourcecode.swift; path = ViewController.swift; sourceTree = "<group>"; };
		0478C9C8289854D200048816 /* Base */ = {isa = PBXFileReference; lastKnownFileType = file.storyboard; name = Base; path = Base.lproj/Main.storyboard; sourceTree = "<group>"; };
		0478C9CA289854D500048816 /* Assets.xcassets */ = {isa = PBXFileReference; lastKnownFileType = folder.assetcatalog; path = Assets.xcassets; sourceTree = "<group>"; };
		0478C9CD289854D500048816 /* Base */ = {isa = PBXFileReference; lastKnownFileType = file.storyboard; name = Base; path = Base.lproj/LaunchScreen.storyboard; sourceTree = "<group>"; };
		0478C9CF289854D500048816 /* Info.plist */ = {isa = PBXFileReference; lastKnownFileType = text.plist.xml; path = Info.plist; sourceTree = "<group>"; };
		0478C9D6289855E100048816 /* HomeVC.swift */ = {isa = PBXFileReference; lastKnownFileType = sourcecode.swift; path = HomeVC.swift; sourceTree = "<group>"; };
		0478C9D92898563800048816 /* FeaturedCell.swift */ = {isa = PBXFileReference; lastKnownFileType = sourcecode.swift; path = FeaturedCell.swift; sourceTree = "<group>"; };
		0478C9DB2898568500048816 /* FavouritesCell.swift */ = {isa = PBXFileReference; lastKnownFileType = sourcecode.swift; path = FavouritesCell.swift; sourceTree = "<group>"; };
		0478C9DD28986F5B00048816 /* HeaderCell.swift */ = {isa = PBXFileReference; lastKnownFileType = sourcecode.swift; path = HeaderCell.swift; sourceTree = "<group>"; };
		0478C9DF289873AD00048816 /* FeaturedSectionBackgroundDecorationView.swift */ = {isa = PBXFileReference; lastKnownFileType = sourcecode.swift; path = FeaturedSectionBackgroundDecorationView.swift; sourceTree = "<group>"; };
		3E5A5285220C275E6B5CE258 /* Pods-expressPay Clone.debug.xcconfig */ = {isa = PBXFileReference; includeInIndex = 1; lastKnownFileType = text.xcconfig; name = "Pods-expressPay Clone.debug.xcconfig"; path = "Target Support Files/Pods-expressPay Clone/Pods-expressPay Clone.debug.xcconfig"; sourceTree = "<group>"; };
		4296412CE8BE7F2498ACC6F5 /* Pods-expressPay Clone.release.xcconfig */ = {isa = PBXFileReference; includeInIndex = 1; lastKnownFileType = text.xcconfig; name = "Pods-expressPay Clone.release.xcconfig"; path = "Target Support Files/Pods-expressPay Clone/Pods-expressPay Clone.release.xcconfig"; sourceTree = "<group>"; };
		7A2AC178E46B3EA08ED5BFB2 /* Pods_expressPay_Clone.framework */ = {isa = PBXFileReference; explicitFileType = wrapper.framework; includeInIndex = 0; path = Pods_expressPay_Clone.framework; sourceTree = BUILT_PRODUCTS_DIR; };
/* End PBXFileReference section */

/* Begin PBXFrameworksBuildPhase section */
		0478C9BB289854D200048816 /* Frameworks */ = {
			isa = PBXFrameworksBuildPhase;
			buildActionMask = 2147483647;
			files = (
				9888D91A21EC140A79AEC70E /* Pods_expressPay_Clone.framework in Frameworks */,
			);
			runOnlyForDeploymentPostprocessing = 0;
		};
/* End PBXFrameworksBuildPhase section */

/* Begin PBXGroup section */
		0467171728993AF9002E92D6 /* Merchants */ = {
			isa = PBXGroup;
			children = (
				0467171928993DDE002E92D6 /* MerchantsVC.swift */,
				0467171828993DC7002E92D6 /* Cells */,
			);
			path = Merchants;
			sourceTree = "<group>";
		};
		0467171828993DC7002E92D6 /* Cells */ = {
			isa = PBXGroup;
			children = (
				0467171B28994596002E92D6 /* MerchantCell.swift */,
			);
			path = Cells;
			sourceTree = "<group>";
		};
		0467171F2899731C002E92D6 /* Pay */ = {
			isa = PBXGroup;
			children = (
				0467172028997346002E92D6 /* PayVC.swift */,
				0476581A289A8A5300FF9828 /* PayCell.swift */,
				0476581C289A997500FF9828 /* NewPayCell.swift */,
				0436545F289D3C30000042E4 /* PaySubCell.swift */,
			);
			path = Pay;
			sourceTree = "<group>";
		};
		046717222899738C002E92D6 /* Transfers */ = {
			isa = PBXGroup;
			children = (
				04671723289973A1002E92D6 /* TransfersVC.swift */,
				0476581E289AA85600FF9828 /* TransferItemCell.swift */,
			);
			path = Transfers;
			sourceTree = "<group>";
		};
		04765820289AAC0500FF9828 /* MyMoney */ = {
			isa = PBXGroup;
			children = (
				04765821289AACA900FF9828 /* MyMoneyVC.swift */,
			);
			path = MyMoney;
			sourceTree = "<group>";
		};
		04765823289AC43D00FF9828 /* extensions */ = {
			isa = PBXGroup;
			children = (
				04765824289AC45D00FF9828 /* NavigationBar.swift */,
			);
			path = extensions;
			sourceTree = "<group>";
		};
		0478C9B5289854D200048816 = {
			isa = PBXGroup;
			children = (
				0478C9C0289854D200048816 /* expressPay Clone */,
				0478C9BF289854D200048816 /* Products */,
				5E27CBC7CA794852405C7DFB /* Pods */,
				C7A0442BC61F6EF3B76A5F19 /* Frameworks */,
			);
			sourceTree = "<group>";
		};
		0478C9BF289854D200048816 /* Products */ = {
			isa = PBXGroup;
			children = (
				0478C9BE289854D200048816 /* expressPay Clone.app */,
			);
			name = Products;
			sourceTree = "<group>";
		};
		0478C9C0289854D200048816 /* expressPay Clone */ = {
			isa = PBXGroup;
			children = (
				04765823289AC43D00FF9828 /* extensions */,
				04765820289AAC0500FF9828 /* MyMoney */,
				046717222899738C002E92D6 /* Transfers */,
				0467171F2899731C002E92D6 /* Pay */,
				0467171728993AF9002E92D6 /* Merchants */,
				0478C9D5289855C300048816 /* Home */,
				0478C9C1289854D200048816 /* AppDelegate.swift */,
				0478C9C3289854D200048816 /* SceneDelegate.swift */,
				0478C9C5289854D200048816 /* ViewController.swift */,
				0478C9C7289854D200048816 /* Main.storyboard */,
				0478C9CA289854D500048816 /* Assets.xcassets */,
				0478C9CC289854D500048816 /* LaunchScreen.storyboard */,
				0478C9CF289854D500048816 /* Info.plist */,
				0467171D289972E9002E92D6 /* TabBarViewController.swift */,
				041337F82899950A00E68E3B /* Shared.swift */,
			);
			path = "expressPay Clone";
			sourceTree = "<group>";
		};
		0478C9D5289855C300048816 /* Home */ = {
			isa = PBXGroup;
			children = (
				0478C9D82898560700048816 /* Cells */,
				0478C9D6289855E100048816 /* HomeVC.swift */,
			);
			path = Home;
			sourceTree = "<group>";
		};
		0478C9D82898560700048816 /* Cells */ = {
			isa = PBXGroup;
			children = (
				0478C9D92898563800048816 /* FeaturedCell.swift */,
				0478C9DB2898568500048816 /* FavouritesCell.swift */,
				0478C9DD28986F5B00048816 /* HeaderCell.swift */,
				0478C9DF289873AD00048816 /* FeaturedSectionBackgroundDecorationView.swift */,
			);
			path = Cells;
			sourceTree = "<group>";
		};
		5E27CBC7CA794852405C7DFB /* Pods */ = {
			isa = PBXGroup;
			children = (
				3E5A5285220C275E6B5CE258 /* Pods-expressPay Clone.debug.xcconfig */,
				4296412CE8BE7F2498ACC6F5 /* Pods-expressPay Clone.release.xcconfig */,
			);
			path = Pods;
			sourceTree = "<group>";
		};
		C7A0442BC61F6EF3B76A5F19 /* Frameworks */ = {
			isa = PBXGroup;
			children = (
				7A2AC178E46B3EA08ED5BFB2 /* Pods_expressPay_Clone.framework */,
			);
			name = Frameworks;
			sourceTree = "<group>";
		};
/* End PBXGroup section */

/* Begin PBXNativeTarget section */
		0478C9BD289854D200048816 /* expressPay Clone */ = {
			isa = PBXNativeTarget;
			buildConfigurationList = 0478C9D2289854D500048816 /* Build configuration list for PBXNativeTarget "expressPay Clone" */;
			buildPhases = (
				44C7F2F48BEC967D895CADED /* [CP] Check Pods Manifest.lock */,
				0478C9BA289854D200048816 /* Sources */,
				0478C9BB289854D200048816 /* Frameworks */,
				0478C9BC289854D200048816 /* Resources */,
				4996A478DD86EA5652E4B0F5 /* [CP] Embed Pods Frameworks */,
			);
			buildRules = (
			);
			dependencies = (
			);
			name = "expressPay Clone";
			productName = "expressPay Clone";
			productReference = 0478C9BE289854D200048816 /* expressPay Clone.app */;
			productType = "com.apple.product-type.application";
		};
/* End PBXNativeTarget section */

/* Begin PBXProject section */
		0478C9B6289854D200048816 /* Project object */ = {
			isa = PBXProject;
			attributes = {
				BuildIndependentTargetsInParallel = 1;
				LastSwiftUpdateCheck = 1320;
				LastUpgradeCheck = 1320;
				TargetAttributes = {
					0478C9BD289854D200048816 = {
						CreatedOnToolsVersion = 13.2.1;
					};
				};
			};
			buildConfigurationList = 0478C9B9289854D200048816 /* Build configuration list for PBXProject "expressPay Clone" */;
			compatibilityVersion = "Xcode 13.0";
			developmentRegion = en;
			hasScannedForEncodings = 0;
			knownRegions = (
				en,
				Base,
			);
			mainGroup = 0478C9B5289854D200048816;
			productRefGroup = 0478C9BF289854D200048816 /* Products */;
			projectDirPath = "";
			projectRoot = "";
			targets = (
				0478C9BD289854D200048816 /* expressPay Clone */,
			);
		};
/* End PBXProject section */

/* Begin PBXResourcesBuildPhase section */
		0478C9BC289854D200048816 /* Resources */ = {
			isa = PBXResourcesBuildPhase;
			buildActionMask = 2147483647;
			files = (
				0478C9CE289854D500048816 /* LaunchScreen.storyboard in Resources */,
				0478C9CB289854D500048816 /* Assets.xcassets in Resources */,
				0478C9C9289854D200048816 /* Main.storyboard in Resources */,
			);
			runOnlyForDeploymentPostprocessing = 0;
		};
/* End PBXResourcesBuildPhase section */

/* Begin PBXShellScriptBuildPhase section */
		44C7F2F48BEC967D895CADED /* [CP] Check Pods Manifest.lock */ = {
			isa = PBXShellScriptBuildPhase;
			buildActionMask = 2147483647;
			files = (
			);
			inputFileListPaths = (
			);
			inputPaths = (
				"${PODS_PODFILE_DIR_PATH}/Podfile.lock",
				"${PODS_ROOT}/Manifest.lock",
			);
			name = "[CP] Check Pods Manifest.lock";
			outputFileListPaths = (
			);
			outputPaths = (
				"$(DERIVED_FILE_DIR)/Pods-expressPay Clone-checkManifestLockResult.txt",
			);
			runOnlyForDeploymentPostprocessing = 0;
			shellPath = /bin/sh;
			shellScript = "diff \"${PODS_PODFILE_DIR_PATH}/Podfile.lock\" \"${PODS_ROOT}/Manifest.lock\" > /dev/null\nif [ $? != 0 ] ; then\n    # print error to STDERR\n    echo \"error: The sandbox is not in sync with the Podfile.lock. Run 'pod install' or update your CocoaPods installation.\" >&2\n    exit 1\nfi\n# This output is used by Xcode 'outputs' to avoid re-running this script phase.\necho \"SUCCESS\" > \"${SCRIPT_OUTPUT_FILE_0}\"\n";
			showEnvVarsInLog = 0;
		};
		4996A478DD86EA5652E4B0F5 /* [CP] Embed Pods Frameworks */ = {
			isa = PBXShellScriptBuildPhase;
			buildActionMask = 2147483647;
			files = (
			);
			inputFileListPaths = (
				"${PODS_ROOT}/Target Support Files/Pods-expressPay Clone/Pods-expressPay Clone-frameworks-${CONFIGURATION}-input-files.xcfilelist",
			);
			name = "[CP] Embed Pods Frameworks";
			outputFileListPaths = (
				"${PODS_ROOT}/Target Support Files/Pods-expressPay Clone/Pods-expressPay Clone-frameworks-${CONFIGURATION}-output-files.xcfilelist",
			);
			runOnlyForDeploymentPostprocessing = 0;
			shellPath = /bin/sh;
			shellScript = "\"${PODS_ROOT}/Target Support Files/Pods-expressPay Clone/Pods-expressPay Clone-frameworks.sh\"\n";
			showEnvVarsInLog = 0;
		};
/* End PBXShellScriptBuildPhase section */

/* Begin PBXSourcesBuildPhase section */
		0478C9BA289854D200048816 /* Sources */ = {
			isa = PBXSourcesBuildPhase;
			buildActionMask = 2147483647;
			files = (
				041337F92899950A00E68E3B /* Shared.swift in Sources */,
				0478C9E0289873AD00048816 /* FeaturedSectionBackgroundDecorationView.swift in Sources */,
				04671724289973A1002E92D6 /* TransfersVC.swift in Sources */,
				04365460289D3C30000042E4 /* PaySubCell.swift in Sources */,
				0478C9C6289854D200048816 /* ViewController.swift in Sources */,
				0467171E289972E9002E92D6 /* TabBarViewController.swift in Sources */,
				0478C9D7289855E100048816 /* HomeVC.swift in Sources */,
				0467171C28994596002E92D6 /* MerchantCell.swift in Sources */,
				0467172128997346002E92D6 /* PayVC.swift in Sources */,
				0478C9C2289854D200048816 /* AppDelegate.swift in Sources */,
				0467171A28993DDE002E92D6 /* MerchantsVC.swift in Sources */,
				0476581F289AA85600FF9828 /* TransferItemCell.swift in Sources */,
				0476581B289A8A5300FF9828 /* PayCell.swift in Sources */,
				0478C9DC2898568500048816 /* FavouritesCell.swift in Sources */,
				04765822289AACA900FF9828 /* MyMoneyVC.swift in Sources */,
				0478C9DA2898563800048816 /* FeaturedCell.swift in Sources */,
				0478C9C4289854D200048816 /* SceneDelegate.swift in Sources */,
				0478C9DE28986F5B00048816 /* HeaderCell.swift in Sources */,
				0476581D289A997500FF9828 /* NewPayCell.swift in Sources */,
				04765825289AC45D00FF9828 /* NavigationBar.swift in Sources */,
			);
			runOnlyForDeploymentPostprocessing = 0;
		};
/* End PBXSourcesBuildPhase section */

/* Begin PBXVariantGroup section */
		0478C9C7289854D200048816 /* Main.storyboard */ = {
			isa = PBXVariantGroup;
			children = (
				0478C9C8289854D200048816 /* Base */,
			);
			name = Main.storyboard;
			sourceTree = "<group>";
		};
		0478C9CC289854D500048816 /* LaunchScreen.storyboard */ = {
			isa = PBXVariantGroup;
			children = (
				0478C9CD289854D500048816 /* Base */,
			);
			name = LaunchScreen.storyboard;
			sourceTree = "<group>";
		};
/* End PBXVariantGroup section */

/* Begin XCBuildConfiguration section */
		0478C9D0289854D500048816 /* Debug */ = {
			isa = XCBuildConfiguration;
			buildSettings = {
				ALWAYS_SEARCH_USER_PATHS = NO;
				CLANG_ANALYZER_NONNULL = YES;
				CLANG_ANALYZER_NUMBER_OBJECT_CONVERSION = YES_AGGRESSIVE;
				CLANG_CXX_LANGUAGE_STANDARD = "gnu++17";
				CLANG_CXX_LIBRARY = "libc++";
				CLANG_ENABLE_MODULES = YES;
				CLANG_ENABLE_OBJC_ARC = YES;
				CLANG_ENABLE_OBJC_WEAK = YES;
				CLANG_WARN_BLOCK_CAPTURE_AUTORELEASING = YES;
				CLANG_WARN_BOOL_CONVERSION = YES;
				CLANG_WARN_COMMA = YES;
				CLANG_WARN_CONSTANT_CONVERSION = YES;
				CLANG_WARN_DEPRECATED_OBJC_IMPLEMENTATIONS = YES;
				CLANG_WARN_DIRECT_OBJC_ISA_USAGE = YES_ERROR;
				CLANG_WARN_DOCUMENTATION_COMMENTS = YES;
				CLANG_WARN_EMPTY_BODY = YES;
				CLANG_WARN_ENUM_CONVERSION = YES;
				CLANG_WARN_INFINITE_RECURSION = YES;
				CLANG_WARN_INT_CONVERSION = YES;
				CLANG_WARN_NON_LITERAL_NULL_CONVERSION = YES;
				CLANG_WARN_OBJC_IMPLICIT_RETAIN_SELF = YES;
				CLANG_WARN_OBJC_LITERAL_CONVERSION = YES;
				CLANG_WARN_OBJC_ROOT_CLASS = YES_ERROR;
				CLANG_WARN_QUOTED_INCLUDE_IN_FRAMEWORK_HEADER = YES;
				CLANG_WARN_RANGE_LOOP_ANALYSIS = YES;
				CLANG_WARN_STRICT_PROTOTYPES = YES;
				CLANG_WARN_SUSPICIOUS_MOVE = YES;
				CLANG_WARN_UNGUARDED_AVAILABILITY = YES_AGGRESSIVE;
				CLANG_WARN_UNREACHABLE_CODE = YES;
				CLANG_WARN__DUPLICATE_METHOD_MATCH = YES;
				COPY_PHASE_STRIP = NO;
				DEBUG_INFORMATION_FORMAT = dwarf;
				ENABLE_STRICT_OBJC_MSGSEND = YES;
				ENABLE_TESTABILITY = YES;
				GCC_C_LANGUAGE_STANDARD = gnu11;
				GCC_DYNAMIC_NO_PIC = NO;
				GCC_NO_COMMON_BLOCKS = YES;
				GCC_OPTIMIZATION_LEVEL = 0;
				GCC_PREPROCESSOR_DEFINITIONS = (
					"DEBUG=1",
					"$(inherited)",
				);
				GCC_WARN_64_TO_32_BIT_CONVERSION = YES;
				GCC_WARN_ABOUT_RETURN_TYPE = YES_ERROR;
				GCC_WARN_UNDECLARED_SELECTOR = YES;
				GCC_WARN_UNINITIALIZED_AUTOS = YES_AGGRESSIVE;
				GCC_WARN_UNUSED_FUNCTION = YES;
				GCC_WARN_UNUSED_VARIABLE = YES;
				IPHONEOS_DEPLOYMENT_TARGET = 13.0;
				MTL_ENABLE_DEBUG_INFO = INCLUDE_SOURCE;
				MTL_FAST_MATH = YES;
				ONLY_ACTIVE_ARCH = YES;
				SDKROOT = iphoneos;
				SWIFT_ACTIVE_COMPILATION_CONDITIONS = DEBUG;
				SWIFT_OPTIMIZATION_LEVEL = "-Onone";
			};
			name = Debug;
		};
		0478C9D1289854D500048816 /* Release */ = {
			isa = XCBuildConfiguration;
			buildSettings = {
				ALWAYS_SEARCH_USER_PATHS = NO;
				CLANG_ANALYZER_NONNULL = YES;
				CLANG_ANALYZER_NUMBER_OBJECT_CONVERSION = YES_AGGRESSIVE;
				CLANG_CXX_LANGUAGE_STANDARD = "gnu++17";
				CLANG_CXX_LIBRARY = "libc++";
				CLANG_ENABLE_MODULES = YES;
				CLANG_ENABLE_OBJC_ARC = YES;
				CLANG_ENABLE_OBJC_WEAK = YES;
				CLANG_WARN_BLOCK_CAPTURE_AUTORELEASING = YES;
				CLANG_WARN_BOOL_CONVERSION = YES;
				CLANG_WARN_COMMA = YES;
				CLANG_WARN_CONSTANT_CONVERSION = YES;
				CLANG_WARN_DEPRECATED_OBJC_IMPLEMENTATIONS = YES;
				CLANG_WARN_DIRECT_OBJC_ISA_USAGE = YES_ERROR;
				CLANG_WARN_DOCUMENTATION_COMMENTS = YES;
				CLANG_WARN_EMPTY_BODY = YES;
				CLANG_WARN_ENUM_CONVERSION = YES;
				CLANG_WARN_INFINITE_RECURSION = YES;
				CLANG_WARN_INT_CONVERSION = YES;
				CLANG_WARN_NON_LITERAL_NULL_CONVERSION = YES;
				CLANG_WARN_OBJC_IMPLICIT_RETAIN_SELF = YES;
				CLANG_WARN_OBJC_LITERAL_CONVERSION = YES;
				CLANG_WARN_OBJC_ROOT_CLASS = YES_ERROR;
				CLANG_WARN_QUOTED_INCLUDE_IN_FRAMEWORK_HEADER = YES;
				CLANG_WARN_RANGE_LOOP_ANALYSIS = YES;
				CLANG_WARN_STRICT_PROTOTYPES = YES;
				CLANG_WARN_SUSPICIOUS_MOVE = YES;
				CLANG_WARN_UNGUARDED_AVAILABILITY = YES_AGGRESSIVE;
				CLANG_WARN_UNREACHABLE_CODE = YES;
				CLANG_WARN__DUPLICATE_METHOD_MATCH = YES;
				COPY_PHASE_STRIP = NO;
				DEBUG_INFORMATION_FORMAT = "dwarf-with-dsym";
				ENABLE_NS_ASSERTIONS = NO;
				ENABLE_STRICT_OBJC_MSGSEND = YES;
				GCC_C_LANGUAGE_STANDARD = gnu11;
				GCC_NO_COMMON_BLOCKS = YES;
				GCC_WARN_64_TO_32_BIT_CONVERSION = YES;
				GCC_WARN_ABOUT_RETURN_TYPE = YES_ERROR;
				GCC_WARN_UNDECLARED_SELECTOR = YES;
				GCC_WARN_UNINITIALIZED_AUTOS = YES_AGGRESSIVE;
				GCC_WARN_UNUSED_FUNCTION = YES;
				GCC_WARN_UNUSED_VARIABLE = YES;
				IPHONEOS_DEPLOYMENT_TARGET = 13.0;
				MTL_ENABLE_DEBUG_INFO = NO;
				MTL_FAST_MATH = YES;
				SDKROOT = iphoneos;
				SWIFT_COMPILATION_MODE = wholemodule;
				SWIFT_OPTIMIZATION_LEVEL = "-O";
				VALIDATE_PRODUCT = YES;
			};
			name = Release;
		};
		0478C9D3289854D500048816 /* Debug */ = {
			isa = XCBuildConfiguration;
			baseConfigurationReference = 3E5A5285220C275E6B5CE258 /* Pods-expressPay Clone.debug.xcconfig */;
			buildSettings = {
				ASSETCATALOG_COMPILER_APPICON_NAME = AppIcon;
				ASSETCATALOG_COMPILER_GLOBAL_ACCENT_COLOR_NAME = AccentColor;
				CODE_SIGN_STYLE = Automatic;
				CURRENT_PROJECT_VERSION = 1;
				DEVELOPMENT_TEAM = K5NJ7NTGXV;
				GENERATE_INFOPLIST_FILE = YES;
				INFOPLIST_FILE = "expressPay Clone/Info.plist";
				INFOPLIST_KEY_UIApplicationSupportsIndirectInputEvents = YES;
				INFOPLIST_KEY_UILaunchStoryboardName = LaunchScreen;
				INFOPLIST_KEY_UIMainStoryboardFile = Main;
				INFOPLIST_KEY_UISupportedInterfaceOrientations_iPad = "UIInterfaceOrientationPortrait UIInterfaceOrientationPortraitUpsideDown UIInterfaceOrientationLandscapeLeft UIInterfaceOrientationLandscapeRight";
				INFOPLIST_KEY_UISupportedInterfaceOrientations_iPhone = "UIInterfaceOrientationPortrait UIInterfaceOrientationLandscapeLeft UIInterfaceOrientationLandscapeRight";
				LD_RUNPATH_SEARCH_PATHS = (
					"$(inherited)",
					"@executable_path/Frameworks",
				);
				MARKETING_VERSION = 1.0;
				PRODUCT_BUNDLE_IDENTIFIER = "minzter.expressPay-Clone";
				PRODUCT_NAME = "$(TARGET_NAME)";
				SWIFT_EMIT_LOC_STRINGS = YES;
				SWIFT_VERSION = 5.0;
				TARGETED_DEVICE_FAMILY = "1,2";
			};
			name = Debug;
		};
		0478C9D4289854D500048816 /* Release */ = {
			isa = XCBuildConfiguration;
			baseConfigurationReference = 4296412CE8BE7F2498ACC6F5 /* Pods-expressPay Clone.release.xcconfig */;
			buildSettings = {
				ASSETCATALOG_COMPILER_APPICON_NAME = AppIcon;
				ASSETCATALOG_COMPILER_GLOBAL_ACCENT_COLOR_NAME = AccentColor;
				CODE_SIGN_STYLE = Automatic;
				CURRENT_PROJECT_VERSION = 1;
				DEVELOPMENT_TEAM = K5NJ7NTGXV;
				GENERATE_INFOPLIST_FILE = YES;
				INFOPLIST_FILE = "expressPay Clone/Info.plist";
				INFOPLIST_KEY_UIApplicationSupportsIndirectInputEvents = YES;
				INFOPLIST_KEY_UILaunchStoryboardName = LaunchScreen;
				INFOPLIST_KEY_UIMainStoryboardFile = Main;
				INFOPLIST_KEY_UISupportedInterfaceOrientations_iPad = "UIInterfaceOrientationPortrait UIInterfaceOrientationPortraitUpsideDown UIInterfaceOrientationLandscapeLeft UIInterfaceOrientationLandscapeRight";
				INFOPLIST_KEY_UISupportedInterfaceOrientations_iPhone = "UIInterfaceOrientationPortrait UIInterfaceOrientationLandscapeLeft UIInterfaceOrientationLandscapeRight";
				LD_RUNPATH_SEARCH_PATHS = (
					"$(inherited)",
					"@executable_path/Frameworks",
				);
				MARKETING_VERSION = 1.0;
				PRODUCT_BUNDLE_IDENTIFIER = "minzter.expressPay-Clone";
				PRODUCT_NAME = "$(TARGET_NAME)";
				SWIFT_EMIT_LOC_STRINGS = YES;
				SWIFT_VERSION = 5.0;
				TARGETED_DEVICE_FAMILY = "1,2";
			};
			name = Release;
		};
/* End XCBuildConfiguration section */

/* Begin XCConfigurationList section */
		0478C9B9289854D200048816 /* Build configuration list for PBXProject "expressPay Clone" */ = {
			isa = XCConfigurationList;
			buildConfigurations = (
				0478C9D0289854D500048816 /* Debug */,
				0478C9D1289854D500048816 /* Release */,
			);
			defaultConfigurationIsVisible = 0;
			defaultConfigurationName = Release;
		};
		0478C9D2289854D500048816 /* Build configuration list for PBXNativeTarget "expressPay Clone" */ = {
			isa = XCConfigurationList;
			buildConfigurations = (
				0478C9D3289854D500048816 /* Debug */,
				0478C9D4289854D500048816 /* Release */,
			);
			defaultConfigurationIsVisible = 0;
			defaultConfigurationName = Release;
		};
/* End XCConfigurationList section */
	};
	rootObject = 0478C9B6289854D200048816 /* Project object */;
}
